{
  "version": 4,
  "terraform_version": "1.14.5",
  "serial": 151,
  "lineage": "6abc8ac2-f3eb-2de1-8728-f18ad3421952",
  "outputs": {
    "athena_workgroup": {
      "value": "project15-dev",
      "type": "string"
    },
    "clean_bucket_name": {
      "value": "project15-clean-chris-dev",
      "type": "string"
    },
    "glue_database_name": {
      "value": "project15_pipeline_dev",
      "type": "string"
    },
    "raw_bucket_name": {
      "value": "project15-raw-chris-dev",
      "type": "string"
    }
  },
  "resources": [
    {
      "module": "module.athena",
      "mode": "managed",
      "type": "aws_athena_workgroup",
      "name": "this",
      "provider": "provider[\"registry.terraform.io/hashicorp/aws\"]",
      "instances": [
        {
          "schema_version": 0,
          "attributes": {
            "arn": "arn:aws:athena:ca-central-1:217340893526:workgroup/project15-dev",
            "configuration": [
              {
                "bytes_scanned_cutoff_per_query": 0,
                "enforce_workgroup_configuration": true,
                "engine_version": [
                  {
                    "effective_engine_version": "Athena engine version 3",
                    "selected_engine_version": "AUTO"
                  }
                ],
                "execution_role": "",
                "publish_cloudwatch_metrics_enabled": true,
                "requester_pays_enabled": false,
                "result_configuration": [
                  {
                    "acl_configuration": [],
                    "encryption_configuration": [],
                    "expected_bucket_owner": "",
                    "output_location": "s3://project15-clean-chris-dev/athena-results/dev/"
                  }
                ]
              }
            ],
            "description": "",
            "force_destroy": true,
            "id": "project15-dev",
            "name": "project15-dev",
            "state": "ENABLED",
            "tags": null,
            "tags_all": {}
          },
          "sensitive_attributes": [],
          "identity_schema_version": 0,
          "private": "bnVsbA==",
          "dependencies": [
            "module.clean_bucket.aws_s3_bucket.this"
          ]
        }
      ]
    },
    {
      "module": "module.clean_bucket",
      "mode": "managed",
      "type": "aws_s3_bucket",
      "name": "this",
      "provider": "provider[\"registry.terraform.io/hashicorp/aws\"]",
      "instances": [
        {
          "schema_version": 0,
          "attributes": {
            "acceleration_status": "",
            "acl": null,
            "arn": "arn:aws:s3:::project15-clean-chris-dev",
            "bucket": "project15-clean-chris-dev",
            "bucket_domain_name": "project15-clean-chris-dev.s3.amazonaws.com",
            "bucket_prefix": "",
            "bucket_regional_domain_name": "project15-clean-chris-dev.s3.ca-central-1.amazonaws.com",
            "cors_rule": [],
            "force_destroy": false,
            "grant": [
              {
                "id": "0c1204a58523a4c1c17194930af85355d15c0173ad1e93e9f2b306234e83d9c5",
                "permissions": [
                  "FULL_CONTROL"
                ],
                "type": "CanonicalUser",
                "uri": ""
              }
            ],
            "hosted_zone_id": "Z1QDHH18159H29",
            "id": "project15-clean-chris-dev",
            "lifecycle_rule": [],
            "logging": [],
            "object_lock_configuration": [],
            "object_lock_enabled": false,
            "policy": "",
            "region": "ca-central-1",
            "replication_configuration": [],
            "request_payer": "BucketOwner",
            "server_side_encryption_configuration": [
              {
                "rule": [
                  {
                    "apply_server_side_encryption_by_default": [
                      {
                        "kms_master_key_id": "",
                        "sse_algorithm": "AES256"
                      }
                    ],
                    "bucket_key_enabled": false
                  }
                ]
              }
            ],
            "tags": {
              "environment": "dev",
              "project": "project15"
            },
            "tags_all": {
              "environment": "dev",
              "project": "project15"
            },
            "timeouts": null,
            "versioning": [
              {
                "enabled": false,
                "mfa_delete": false
              }
            ],
            "website": [],
            "website_domain": null,
            "website_endpoint": null
          },
          "sensitive_attributes": [],
          "identity_schema_version": 0,
          "private": "eyJlMmJmYjczMC1lY2FhLTExZTYtOGY4OC0zNDM2M2JjN2M0YzAiOnsiY3JlYXRlIjoxMjAwMDAwMDAwMDAwLCJkZWxldGUiOjM2MDAwMDAwMDAwMDAsInJlYWQiOjEyMDAwMDAwMDAwMDAsInVwZGF0ZSI6MTIwMDAwMDAwMDAwMH19"
        }
      ]
    },
    {
      "module": "module.clean_bucket",
      "mode": "managed",
      "type": "aws_s3_bucket_versioning",
      "name": "this",
      "provider": "provider[\"registry.terraform.io/hashicorp/aws\"]",
      "instances": [
        {
          "schema_version": 0,
          "attributes": {
            "bucket": "project15-clean-chris-dev",
            "expected_bucket_owner": "",
            "id": "project15-clean-chris-dev",
            "mfa": null,
            "versioning_configuration": [
              {
                "mfa_delete": "",
                "status": "Enabled"
              }
            ]
          },
          "sensitive_attributes": [],
          "identity_schema_version": 0,
          "private": "bnVsbA==",
          "dependencies": [
            "module.clean_bucket.aws_s3_bucket.this"
          ]
        }
      ]
    },
    {
      "module": "module.errors_table",
      "mode": "managed",
      "type": "aws_glue_catalog_table",
      "name": "this",
      "provider": "provider[\"registry.terraform.io/hashicorp/aws\"]",
      "instances": [
        {
          "schema_version": 0,
          "attributes": {
            "arn": "arn:aws:glue:ca-central-1:217340893526:table/project15_pipeline_dev/errors",
            "catalog_id": "217340893526",
            "database_name": "project15_pipeline_dev",
            "description": "",
            "id": "217340893526:project15_pipeline_dev:errors",
            "name": "errors",
            "open_table_format_input": [],
            "owner": "",
            "parameters": {
              "classification": "json"
            },
            "partition_index": null,
            "partition_keys": [],
            "retention": 0,
            "storage_descriptor": [
              {
                "additional_locations": null,
                "bucket_columns": null,
                "columns": [
                  {
                    "comment": "",
                    "name": "run_id",
                    "parameters": null,
                    "type": "string"
                  },
                  {
                    "comment": "",
                    "name": "file",
                    "parameters": null,
                    "type": "string"
                  },
                  {
                    "comment": "",
                    "name": "line",
                    "parameters": null,
                    "type": "int"
                  },
                  {
                    "comment": "",
                    "name": "error_kind",
                    "parameters": null,
                    "type": "string"
                  },
                  {
                    "comment": "",
                    "name": "message_hash",
                    "parameters": null,
                    "type": "string"
                  },
                  {
                    "comment": "",
                    "name": "raw_message",
                    "parameters": null,
                    "type": "string"
                  }
                ],
                "compressed": false,
                "input_format": "org.apache.hadoop.mapred.TextInputFormat",
                "location": "s3://project15-clean-chris-dev/curated/errors/",
                "number_of_buckets": 0,
                "output_format": "org.apache.hadoop.hive.ql.io.HiveIgnoreKeyTextOutputFormat",
                "parameters": null,
                "schema_reference": [],
                "ser_de_info": [
                  {
                    "name": "",
                    "parameters": null,
                    "serialization_library": "org.openx.data.jsonserde.JsonSerDe"
                  }
                ],
                "skewed_info": [],
                "sort_columns": [],
                "stored_as_sub_directories": false
              }
            ],
            "table_type": "EXTERNAL_TABLE",
            "target_table": [],
            "view_expanded_text": "",
            "view_original_text": ""
          },
          "sensitive_attributes": [],
          "identity_schema_version": 0,
          "private": "bnVsbA==",
          "dependencies": [
            "module.clean_bucket.aws_s3_bucket.this",
            "module.glue_db.aws_glue_catalog_database.this"
          ]
        }
      ]
    },
    {
      "module": "module.glue_db",
      "mode": "managed",
      "type": "aws_glue_catalog_database",
      "name": "this",
      "provider": "provider[\"registry.terraform.io/hashicorp/aws\"]",
      "instances": [
        {
          "schema_version": 0,
          "attributes": {
            "arn": "arn:aws:glue:ca-central-1:217340893526:database/project15_pipeline_dev",
            "catalog_id": "217340893526",
            "create_table_default_permission": [
              {
                "permissions": [
                  "ALL"
                ],
                "principal": [
                  {
                    "data_lake_principal_identifier": "IAM_ALLOWED_PRINCIPALS"
                  }
                ]
              }
            ],
            "description": "OpenCode pipeline catalog (dev)",
            "federated_database": [],
            "id": "217340893526:project15_pipeline_dev",
            "location_uri": "",
            "name": "project15_pipeline_dev",
            "parameters": null,
            "tags": null,
            "tags_all": {},
            "target_database": []
          },
          "sensitive_attributes": [],
          "identity_schema_version": 0,
          "private": "bnVsbA=="
        }
      ]
    },
    {
      "module": "module.graph_table",
      "mode": "managed",
      "type": "aws_glue_catalog_table",
      "name": "this",
      "provider": "provider[\"registry.terraform.io/hashicorp/aws\"]",
      "instances": [
        {
          "schema_version": 0,
          "attributes": {
            "arn": "arn:aws:glue:ca-central-1:217340893526:table/project15_pipeline_dev/graph_snapshots",
            "catalog_id": "217340893526",
            "database_name": "project15_pipeline_dev",
            "description": "",
            "id": "217340893526:project15_pipeline_dev:graph_snapshots",
            "name": "graph_snapshots",
            "open_table_format_input": [],
            "owner": "",
            "parameters": {
              "classification": "json"
            },
            "partition_index": null,
            "partition_keys": [],
            "retention": 0,
            "storage_descriptor": [
              {
                "additional_locations": null,
                "bucket_columns": null,
                "columns": [
                  {
                    "comment": "",
                    "name": "run_id",
                    "parameters": null,
                    "type": "string"
                  },
                  {
                    "comment": "",
                    "name": "snapshot_ts",
                    "parameters": null,
                    "type": "string"
                  },
                  {
                    "comment": "",
                    "name": "nodes",
                    "parameters": null,
                    "type": "string"
                  },
                  {
                    "comment": "",
                    "name": "edges",
                    "parameters": null,
                    "type": "string"
                  },
                  {
                    "comment": "",
                    "name": "dirty_count",
                    "parameters": null,
                    "type": "int"
                  },
                  {
                    "comment": "",
                    "name": "tainted_count",
                    "parameters": null,
                    "type": "int"
                  }
                ],
                "compressed": false,
                "input_format": "org.apache.hadoop.mapred.TextInputFormat",
                "location": "s3://project15-clean-chris-dev/curated/graph_snapshots/",
                "number_of_buckets": 0,
                "output_format": "org.apache.hadoop.hive.ql.io.HiveIgnoreKeyTextOutputFormat",
                "parameters": null,
                "schema_reference": [],
                "ser_de_info": [
                  {
                    "name": "",
                    "parameters": null,
                    "serialization_library": "org.openx.data.jsonserde.JsonSerDe"
                  }
                ],
                "skewed_info": [],
                "sort_columns": [],
                "stored_as_sub_directories": false
              }
            ],
            "table_type": "EXTERNAL_TABLE",
            "target_table": [],
            "view_expanded_text": "",
            "view_original_text": ""
          },
          "sensitive_attributes": [],
          "identity_schema_version": 0,
          "private": "bnVsbA==",
          "dependencies": [
            "module.clean_bucket.aws_s3_bucket.this",
            "module.glue_db.aws_glue_catalog_database.this"
          ]
        }
      ]
    },
    {
      "module": "module.raw_bucket",
      "mode": "managed",
      "type": "aws_s3_bucket",
      "name": "this",
      "provider": "provider[\"registry.terraform.io/hashicorp/aws\"]",
      "instances": [
        {
          "schema_version": 0,
          "attributes": {
            "acceleration_status": "",
            "acl": null,
            "arn": "arn:aws:s3:::project15-raw-chris-dev",
            "bucket": "project15-raw-chris-dev",
            "bucket_domain_name": "project15-raw-chris-dev.s3.amazonaws.com",
            "bucket_prefix": "",
            "bucket_regional_domain_name": "project15-raw-chris-dev.s3.ca-central-1.amazonaws.com",
            "cors_rule": [],
            "force_destroy": false,
            "grant": [
              {
                "id": "0c1204a58523a4c1c17194930af85355d15c0173ad1e93e9f2b306234e83d9c5",
                "permissions": [
                  "FULL_CONTROL"
                ],
                "type": "CanonicalUser",
                "uri": ""
              }
            ],
            "hosted_zone_id": "Z1QDHH18159H29",
            "id": "project15-raw-chris-dev",
            "lifecycle_rule": [],
            "logging": [],
            "object_lock_configuration": [],
            "object_lock_enabled": false,
            "policy": "",
            "region": "ca-central-1",
            "replication_configuration": [],
            "request_payer": "BucketOwner",
            "server_side_encryption_configuration": [
              {
                "rule": [
                  {
                    "apply_server_side_encryption_by_default": [
                      {
                        "kms_master_key_id": "",
                        "sse_algorithm": "AES256"
                      }
                    ],
                    "bucket_key_enabled": false
                  }
                ]
              }
            ],
            "tags": {
              "environment": "dev",
              "project": "project15"
            },
            "tags_all": {
              "environment": "dev",
              "project": "project15"
            },
            "timeouts": null,
            "versioning": [
              {
                "enabled": false,
                "mfa_delete": false
              }
            ],
            "website": [],
            "website_domain": null,
            "website_endpoint": null
          },
          "sensitive_attributes": [],
          "identity_schema_version": 0,
          "private": "eyJlMmJmYjczMC1lY2FhLTExZTYtOGY4OC0zNDM2M2JjN2M0YzAiOnsiY3JlYXRlIjoxMjAwMDAwMDAwMDAwLCJkZWxldGUiOjM2MDAwMDAwMDAwMDAsInJlYWQiOjEyMDAwMDAwMDAwMDAsInVwZGF0ZSI6MTIwMDAwMDAwMDAwMH19"
        }
      ]
    },
    {
      "module": "module.raw_bucket",
      "mode": "managed",
      "type": "aws_s3_bucket_versioning",
      "name": "this",
      "provider": "provider[\"registry.terraform.io/hashicorp/aws\"]",
      "instances": [
        {
          "schema_version": 0,
          "attributes": {
            "bucket": "project15-raw-chris-dev",
            "expected_bucket_owner": "",
            "id": "project15-raw-chris-dev",
            "mfa": null,
            "versioning_configuration": [
              {
                "mfa_delete": "",
                "status": "Enabled"
              }
            ]
          },
          "sensitive_attributes": [],
          "identity_schema_version": 0,
          "private": "bnVsbA==",
          "dependencies": [
            "module.raw_bucket.aws_s3_bucket.this"
          ]
        }
      ]
    },
    {
      "module": "module.run_steps_table",
      "mode": "managed",
      "type": "aws_glue_catalog_table",
      "name": "this",
      "provider": "provider[\"registry.terraform.io/hashicorp/aws\"]",
      "instances": [
        {
          "schema_version": 0,
          "attributes": {
            "arn": "arn:aws:glue:ca-central-1:217340893526:table/project15_pipeline_dev/run_steps",
            "catalog_id": "217340893526",
            "database_name": "project15_pipeline_dev",
            "description": "",
            "id": "217340893526:project15_pipeline_dev:run_steps",
            "name": "run_steps",
            "open_table_format_input": [],
            "owner": "",
            "parameters": {
              "classification": "json"
            },
            "partition_index": null,
            "partition_keys": [],
            "retention": 0,
            "storage_descriptor": [
              {
                "additional_locations": null,
                "bucket_columns": null,
                "columns": [
                  {
                    "comment": "",
                    "name": "run_id",
                    "parameters": null,
                    "type": "string"
                  },
                  {
                    "comment": "",
                    "name": "step_id",
                    "parameters": null,
                    "type": "int"
                  },
                  {
                    "comment": "",
                    "name": "timestamp",
                    "parameters": null,
                    "type": "string"
                  },
                  {
                    "comment": "",
                    "name": "action",
                    "parameters": null,
                    "type": "string"
                  },
                  {
                    "comment": "",
                    "name": "command",
                    "parameters": null,
                    "type": "string"
                  },
                  {
                    "comment": "",
                    "name": "diff_ref",
                    "parameters": null,
                    "type": "string"
                  },
                  {
                    "comment": "",
                    "name": "stdout_ref",
                    "parameters": null,
                    "type": "string"
                  },
                  {
                    "comment": "",
                    "name": "stderr_ref",
                    "parameters": null,
                    "type": "string"
                  }
                ],
                "compressed": false,
                "input_format": "org.apache.hadoop.mapred.TextInputFormat",
                "location": "s3://project15-clean-chris-dev/curated/run_steps/",
                "number_of_buckets": 0,
                "output_format": "org.apache.hadoop.hive.ql.io.HiveIgnoreKeyTextOutputFormat",
                "parameters": null,
                "schema_reference": [],
                "ser_de_info": [
                  {
                    "name": "",
                    "parameters": null,
                    "serialization_library": "org.openx.data.jsonserde.JsonSerDe"
                  }
                ],
                "skewed_info": [],
                "sort_columns": [],
                "stored_as_sub_directories": false
              }
            ],
            "table_type": "EXTERNAL_TABLE",
            "target_table": [],
            "view_expanded_text": "",
            "view_original_text": ""
          },
          "sensitive_attributes": [],
          "identity_schema_version": 0,
          "private": "bnVsbA==",
          "dependencies": [
            "module.clean_bucket.aws_s3_bucket.this",
            "module.glue_db.aws_glue_catalog_database.this"
          ]
        }
      ]
    },
    {
      "module": "module.runs_table",
      "mode": "managed",
      "type": "aws_glue_catalog_table",
      "name": "this",
      "provider": "provider[\"registry.terraform.io/hashicorp/aws\"]",
      "instances": [
        {
          "schema_version": 0,
          "attributes": {
            "arn": "arn:aws:glue:ca-central-1:217340893526:table/project15_pipeline_dev/runs",
            "catalog_id": "217340893526",
            "database_name": "project15_pipeline_dev",
            "description": "",
            "id": "217340893526:project15_pipeline_dev:runs",
            "name": "runs",
            "open_table_format_input": [],
            "owner": "",
            "parameters": {
              "classification": "json"
            },
            "partition_index": null,
            "partition_keys": [],
            "retention": 0,
            "storage_descriptor": [
              {
                "additional_locations": null,
                "bucket_columns": null,
                "columns": [
                  {
                    "comment": "",
                    "name": "run_id",
                    "parameters": null,
                    "type": "string"
                  },
                  {
                    "comment": "",
                    "name": "timestamp",
                    "parameters": null,
                    "type": "string"
                  },
                  {
                    "comment": "",
                    "name": "repo_id",
                    "parameters": null,
                    "type": "string"
                  },
                  {
                    "comment": "",
                    "name": "repo_hash",
                    "parameters": null,
                    "type": "string"
                  },
                  {
                    "comment": "",
                    "name": "prompt",
                    "parameters": null,
                    "type": "string"
                  },
                  {
                    "comment": "",
                    "name": "model",
                    "parameters": null,
                    "type": "string"
                  },
                  {
                    "comment": "",
                    "name": "model_params",
                    "parameters": null,
                    "type": "string"
                  },
                  {
                    "comment": "",
                    "name": "status",
                    "parameters": null,
                    "type": "string"
                  },
                  {
                    "comment": "",
                    "name": "duration_ms",
                    "parameters": null,
                    "type": "bigint"
                  },
                  {
                    "comment": "",
                    "name": "cpu_ms",
                    "parameters": null,
                    "type": "bigint"
                  },
                  {
                    "comment": "",
                    "name": "mem_mb",
                    "parameters": null,
                    "type": "double"
                  },
                  {
                    "comment": "",
                    "name": "repair_success",
                    "parameters": null,
                    "type": "boolean"
                  },
                  {
                    "comment": "",
                    "name": "regression",
                    "parameters": null,
                    "type": "boolean"
                  },
                  {
                    "comment": "",
                    "name": "taint_spread",
                    "parameters": null,
                    "type": "int"
                  }
                ],
                "compressed": false,
                "input_format": "org.apache.hadoop.mapred.TextInputFormat",
                "location": "s3://project15-clean-chris-dev/curated/runs/",
                "number_of_buckets": 0,
                "output_format": "org.apache.hadoop.hive.ql.io.HiveIgnoreKeyTextOutputFormat",
                "parameters": null,
                "schema_reference": [],
                "ser_de_info": [
                  {
                    "name": "",
                    "parameters": null,
                    "serialization_library": "org.openx.data.jsonserde.JsonSerDe"
                  }
                ],
                "skewed_info": [],
                "sort_columns": [],
                "stored_as_sub_directories": false
              }
            ],
            "table_type": "EXTERNAL_TABLE",
            "target_table": [],
            "view_expanded_text": "",
            "view_original_text": ""
          },
          "sensitive_attributes": [],
          "identity_schema_version": 0,
          "private": "bnVsbA==",
          "dependencies": [
            "module.clean_bucket.aws_s3_bucket.this",
            "module.glue_db.aws_glue_catalog_database.this"
          ]
        }
      ]
    },
    {
      "module": "module.verification_table",
      "mode": "managed",
      "type": "aws_glue_catalog_table",
      "name": "this",
      "provider": "provider[\"registry.terraform.io/hashicorp/aws\"]",
      "instances": [
        {
          "schema_version": 0,
          "attributes": {
            "arn": "arn:aws:glue:ca-central-1:217340893526:table/project15_pipeline_dev/verification_results",
            "catalog_id": "217340893526",
            "database_name": "project15_pipeline_dev",
            "description": "",
            "id": "217340893526:project15_pipeline_dev:verification_results",
            "name": "verification_results",
            "open_table_format_input": [],
            "owner": "",
            "parameters": {
              "classification": "json"
            },
            "partition_index": null,
            "partition_keys": [],
            "retention": 0,
            "storage_descriptor": [
              {
                "additional_locations": null,
                "bucket_columns": null,
                "columns": [
                  {
                    "comment": "",
                    "name": "run_id",
                    "parameters": null,
                    "type": "string"
                  },
                  {
                    "comment": "",
                    "name": "module",
                    "parameters": null,
                    "type": "string"
                  },
                  {
                    "comment": "",
                    "name": "status",
                    "parameters": null,
                    "type": "string"
                  },
                  {
                    "comment": "",
                    "name": "time_ms",
                    "parameters": null,
                    "type": "bigint"
                  }
                ],
                "compressed": false,
                "input_format": "org.apache.hadoop.mapred.TextInputFormat",
                "location": "s3://project15-clean-chris-dev/curated/verification_results/",
                "number_of_buckets": 0,
                "output_format": "org.apache.hadoop.hive.ql.io.HiveIgnoreKeyTextOutputFormat",
                "parameters": null,
                "schema_reference": [],
                "ser_de_info": [
                  {
                    "name": "",
                    "parameters": null,
                    "serialization_library": "org.openx.data.jsonserde.JsonSerDe"
                  }
                ],
                "skewed_info": [],
                "sort_columns": [],
                "stored_as_sub_directories": false
              }
            ],
            "table_type": "EXTERNAL_TABLE",
            "target_table": [],
            "view_expanded_text": "",
            "view_original_text": ""
          },
          "sensitive_attributes": [],
          "identity_schema_version": 0,
          "private": "bnVsbA==",
          "dependencies": [
            "module.clean_bucket.aws_s3_bucket.this",
            "module.glue_db.aws_glue_catalog_database.this"
          ]
        }
      ]
    }
  ],
  "check_results": null
}
